
Microsoft Visual Studio Solution File, Format Version 12.00
# Visual Studio Version 16
VisualStudioVersion = 16.0.31402.337
MinimumVisualStudioVersion = 10.0.40219.1
Project("{FAE04EC0-301F-11D3-BF4B-00C04F79EFBC}") = "NFSHS tournament EDITOR", "NFSHS tournament EDITOR\NFSHS tournament EDITOR.csproj", "{FB12276C-7414-4B5A-92D6-B96F4D86F47D}"
EndProject
Global
	GlobalSection(SolutionConfigurationPlatforms) = preSolution
		Debug|Any CPU = Debug|Any CPU
		Release|Any CPU = Release|Any CPU
	EndGlobalSection
	GlobalSection(ProjectConfigurationPlatforms) = postSolution
		{FB12276C-7414-4B5A-92D6-B96F4D86F47D}.Debug|Any CPU.ActiveCfg = Debug|Any CPU
		{FB12276C-7414-4B5A-92D6-B96F4D86F47D}.Debug|Any CPU.Build.0 = Debug|Any CPU
		{FB12276C-7414-4B5A-92D6-B96F4D86F47D}.Release|Any CPU.ActiveCfg = Release|Any CPU
		{FB12276C-7414-4B5A-92D6-B96F4D86F47D}.Release|Any CPU.Build.0 = Release|Any CPU
	EndGlobalSection
	GlobalSection(SolutionProperties) = preSolution
		HideSolutionNode = FALSE
	EndGlobalSection
	GlobalSection(ExtensibilityGlobals) = postSolution
		SolutionGuid = {A3D7C63C-9421-4BF8-920A-07A5F201B894}
	EndGlobalSection
EndGlobal
